
Microsoft Visual Studio Solution File, Format Version 12.00
# Visual Studio 15
VisualStudioVersion = 15.0.27130.2020
MinimumVisualStudioVersion = 10.0.40219.1
Project("{FAE04EC0-301F-11D3-BF4B-00C04F79EFBC}") = "WebApplication2", "WebApplication2\WebApplication2.csproj", "{2EF1AAF0-98E4-45EE-B237-95612E93DEE0}"
EndProject
Global
	GlobalSection(SolutionConfigurationPlatforms) = preSolution
		Debug|Any CPU = Debug|Any CPU
		Release|Any CPU = Release|Any CPU
	EndGlobalSection
	GlobalSection(ProjectConfigurationPlatforms) = postSolution
		{2EF1AAF0-98E4-45EE-B237-95612E93DEE0}.Debug|Any CPU.ActiveCfg = Debug|Any CPU
		{2EF1AAF0-98E4-45EE-B237-95612E93DEE0}.Debug|Any CPU.Build.0 = Debug|Any CPU
		{2EF1AAF0-98E4-45EE-B237-95612E93DEE0}.Release|Any CPU.ActiveCfg = Release|Any CPU
		{2EF1AAF0-98E4-45EE-B237-95612E93DEE0}.Release|Any CPU.Build.0 = Release|Any CPU
	EndGlobalSection
	GlobalSection(SolutionProperties) = preSolution
		HideSolutionNode = FALSE
	EndGlobalSection
	GlobalSection(ExtensibilityGlobals) = postSolution
		SolutionGuid = {BB624777-A0D9-4A38-931C-BBEE27ED74AD}
	EndGlobalSection
EndGlobal
